
Microsoft Visual Studio Solution File, Format Version 12.00
# Visual Studio Version 17
VisualStudioVersion = 17.10.35013.160
MinimumVisualStudioVersion = 10.0.40219.1
Project("{9A19103F-16F7-4668-BE54-9A1E7A4F7556}") = "EmailMicroservice", "WebApplication1\EmailMicroservice.csproj", "{2E8ED67C-D737-4427-B6B3-4E8233704790}"
EndProject
Global
	GlobalSection(SolutionConfigurationPlatforms) = preSolution
		Debug|Any CPU = Debug|Any CPU
		Release|Any CPU = Release|Any CPU
	EndGlobalSection
	GlobalSection(ProjectConfigurationPlatforms) = postSolution
		{2E8ED67C-D737-4427-B6B3-4E8233704790}.Debug|Any CPU.ActiveCfg = Debug|Any CPU
		{2E8ED67C-D737-4427-B6B3-4E8233704790}.Debug|Any CPU.Build.0 = Debug|Any CPU
		{2E8ED67C-D737-4427-B6B3-4E8233704790}.Release|Any CPU.ActiveCfg = Release|Any CPU
		{2E8ED67C-D737-4427-B6B3-4E8233704790}.Release|Any CPU.Build.0 = Release|Any CPU
	EndGlobalSection
	GlobalSection(SolutionProperties) = preSolution
		HideSolutionNode = FALSE
	EndGlobalSection
	GlobalSection(ExtensibilityGlobals) = postSolution
		SolutionGuid = {1E6DA793-09DA-4E2E-8382-160197BF99DE}
	EndGlobalSection
EndGlobal
